%{"hackney": {:hex, :hackney, "0.14.3"},
  "httpoison": {:hex, :httpoison, "0.4.3"},
  "idna": {:hex, :idna, "1.0.1"},
  "jsx": {:git, "git://github.com/talentdeficit/jsx.git", "c1d794f7a902768f82b4ea83fe082b88b6b5e517", [tag: "v2.3.0"]},
  "jsxn": {:git, "git://github.com/talentdeficit/jsxn.git", "6c1cc75d14499dead9ca2aadc915d9a036607ca9", []},
  "meck": {:hex, :meck, "0.8.2"},
  "mock": {:git, "git@github.com:jjh42/mock.git", "5d643b66da59e986d656d0f5e6dff789321da4ef", []},
  "timex": {:hex, :timex, "0.13.3"}}
