%{"hackney": {:package, "0.13.1"},
  "httpoison": {:package, "0.4.2"},
  "idna": {:package, "1.0.1"},
  "jsx": {:package, "2.1.1"},
  "jsxn": {:package, "0.2.1"},
  "meck": {:git, "git://github.com/eproxus/meck.git", "dde759050eff19a1a80fd854d7375174b191665d", [tag: "0.8.2"]},
  "mock": {:git, "git@github.com:jjh42/mock.git", "275109db347caf3449b6d123bd4da720fb08b28e", []}}
